<?xml version="1.0" encoding="utf-8"?>
<Project ToolsVersion="4.0" xmlns="http://schemas.microsoft.com/developer/msbuild/2003">
  <ItemGroup>
    <Filter Include="Main">
      <UniqueIdentifier>{f6a63e86-37c9-45a8-9510-765dd39b9bf4}</UniqueIdentifier>
    </Filter>
    <Filter Include="Utils">
      <UniqueIdentifier>{3ac43308-e553-461b-8d01-12b7ec0c2257}</UniqueIdentifier>
    </Filter>
  </ItemGroup>
  <ItemGroup>
    <ClCompile Include="GameServer.cpp">
      <Filter>Main</Filter>
    </ClCompile>
    <ClCompile Include="pch.cpp">
      <Filter>Utils</Filter>
    </ClCompile>
    <ClCompile Include="AccountManager_5Day.cpp">
      <Filter>Main</Filter>
    </ClCompile>
    <ClCompile Include="UserManager_5Day.cpp">
      <Filter>Main</Filter>
    </ClCompile>
  </ItemGroup>
  <ItemGroup>
    <ClInclude Include="pch.h">
      <Filter>Utils</Filter>
    </ClInclude>
    <ClInclude Include="AccountManager_5Day.h">
      <Filter>Main</Filter>
    </ClInclude>
    <ClInclude Include="UserManager_5Day.h">
      <Filter>Main</Filter>
    </ClInclude>
  </ItemGroup>
</Project>